// !$*UTF8*$!
{
	archiveVersion = 1;
	classes = {
	};
	objectVersion = 56;
	objects = {

/* Begin PBXBuildFile section */
		AA092F972A692AB400D15A6D /* RMService.swift in Sources */ = {isa = PBXBuildFile; fileRef = AA092F962A692AB400D15A6D /* RMService.swift */; };
		AA092F992A692AC400D15A6D /* RMRequest.swift in Sources */ = {isa = PBXBuildFile; fileRef = AA092F982A692AC400D15A6D /* RMRequest.swift */; };
		AA092F9B2A692B4500D15A6D /* RMEndpoint.swift in Sources */ = {isa = PBXBuildFile; fileRef = AA092F9A2A692B4500D15A6D /* RMEndpoint.swift */; };
		AA092F9D2A69373500D15A6D /* RMOrigin.swift in Sources */ = {isa = PBXBuildFile; fileRef = AA092F9C2A69373500D15A6D /* RMOrigin.swift */; };
		AA092F9F2A6937AB00D15A6D /* RMSingletLocation.swift in Sources */ = {isa = PBXBuildFile; fileRef = AA092F9E2A6937AB00D15A6D /* RMSingletLocation.swift */; };
		AA092FA12A69391B00D15A6D /* RMCharacterStatus.swift in Sources */ = {isa = PBXBuildFile; fileRef = AA092FA02A69391B00D15A6D /* RMCharacterStatus.swift */; };
		AA092FA32A6939F200D15A6D /* RMCharacterGender.swift in Sources */ = {isa = PBXBuildFile; fileRef = AA092FA22A6939F200D15A6D /* RMCharacterGender.swift */; };
		AA86F31D2A66755B00E1126F /* AppDelegate.swift in Sources */ = {isa = PBXBuildFile; fileRef = AA86F31C2A66755B00E1126F /* AppDelegate.swift */; };
		AA86F31F2A66755B00E1126F /* SceneDelegate.swift in Sources */ = {isa = PBXBuildFile; fileRef = AA86F31E2A66755B00E1126F /* SceneDelegate.swift */; };
		AA86F3212A66755B00E1126F /* RMTabViewController.swift in Sources */ = {isa = PBXBuildFile; fileRef = AA86F3202A66755B00E1126F /* RMTabViewController.swift */; };
		AA86F3262A66755B00E1126F /* Assets.xcassets in Resources */ = {isa = PBXBuildFile; fileRef = AA86F3252A66755B00E1126F /* Assets.xcassets */; };
		AA86F3292A66755B00E1126F /* LaunchScreen.storyboard in Resources */ = {isa = PBXBuildFile; fileRef = AA86F3272A66755B00E1126F /* LaunchScreen.storyboard */; };
		AA86F3382A67BB4800E1126F /* RMLocation.swift in Sources */ = {isa = PBXBuildFile; fileRef = AA86F3372A67BB4800E1126F /* RMLocation.swift */; };
		AA86F33A2A67BB5800E1126F /* RMCharacter.swift in Sources */ = {isa = PBXBuildFile; fileRef = AA86F3392A67BB5800E1126F /* RMCharacter.swift */; };
		AA86F33C2A67BB6600E1126F /* RMEpisode.swift in Sources */ = {isa = PBXBuildFile; fileRef = AA86F33B2A67BB6600E1126F /* RMEpisode.swift */; };
		AA86F33F2A67BBC400E1126F /* RMCharacterViewController.swift in Sources */ = {isa = PBXBuildFile; fileRef = AA86F33E2A67BBC400E1126F /* RMCharacterViewController.swift */; };
		AA86F3412A67BC1700E1126F /* RMLocationViewController.swift in Sources */ = {isa = PBXBuildFile; fileRef = AA86F3402A67BC1600E1126F /* RMLocationViewController.swift */; };
		AA86F3432A67BC2600E1126F /* RMEpisodeViewController.swift in Sources */ = {isa = PBXBuildFile; fileRef = AA86F3422A67BC2600E1126F /* RMEpisodeViewController.swift */; };
		AA86F3452A67BC4500E1126F /* RMSettingsViewController.swift in Sources */ = {isa = PBXBuildFile; fileRef = AA86F3442A67BC4500E1126F /* RMSettingsViewController.swift */; };
/* End PBXBuildFile section */

/* Begin PBXFileReference section */
		AA092F962A692AB400D15A6D /* RMService.swift */ = {isa = PBXFileReference; lastKnownFileType = sourcecode.swift; path = RMService.swift; sourceTree = "<group>"; };
		AA092F982A692AC400D15A6D /* RMRequest.swift */ = {isa = PBXFileReference; lastKnownFileType = sourcecode.swift; path = RMRequest.swift; sourceTree = "<group>"; };
		AA092F9A2A692B4500D15A6D /* RMEndpoint.swift */ = {isa = PBXFileReference; lastKnownFileType = sourcecode.swift; path = RMEndpoint.swift; sourceTree = "<group>"; };
		AA092F9C2A69373500D15A6D /* RMOrigin.swift */ = {isa = PBXFileReference; lastKnownFileType = sourcecode.swift; path = RMOrigin.swift; sourceTree = "<group>"; };
		AA092F9E2A6937AB00D15A6D /* RMSingletLocation.swift */ = {isa = PBXFileReference; lastKnownFileType = sourcecode.swift; path = RMSingletLocation.swift; sourceTree = "<group>"; };
		AA092FA02A69391B00D15A6D /* RMCharacterStatus.swift */ = {isa = PBXFileReference; lastKnownFileType = sourcecode.swift; path = RMCharacterStatus.swift; sourceTree = "<group>"; };
		AA092FA22A6939F200D15A6D /* RMCharacterGender.swift */ = {isa = PBXFileReference; lastKnownFileType = sourcecode.swift; path = RMCharacterGender.swift; sourceTree = "<group>"; };
		AA86F3192A66755B00E1126F /* RickyAndMorty.app */ = {isa = PBXFileReference; explicitFileType = wrapper.application; includeInIndex = 0; path = RickyAndMorty.app; sourceTree = BUILT_PRODUCTS_DIR; };
		AA86F31C2A66755B00E1126F /* AppDelegate.swift */ = {isa = PBXFileReference; lastKnownFileType = sourcecode.swift; path = AppDelegate.swift; sourceTree = "<group>"; };
		AA86F31E2A66755B00E1126F /* SceneDelegate.swift */ = {isa = PBXFileReference; lastKnownFileType = sourcecode.swift; path = SceneDelegate.swift; sourceTree = "<group>"; };
		AA86F3202A66755B00E1126F /* RMTabViewController.swift */ = {isa = PBXFileReference; lastKnownFileType = sourcecode.swift; path = RMTabViewController.swift; sourceTree = "<group>"; };
		AA86F3252A66755B00E1126F /* Assets.xcassets */ = {isa = PBXFileReference; lastKnownFileType = folder.assetcatalog; path = Assets.xcassets; sourceTree = "<group>"; };
		AA86F3282A66755B00E1126F /* Base */ = {isa = PBXFileReference; lastKnownFileType = file.storyboard; name = Base; path = Base.lproj/LaunchScreen.storyboard; sourceTree = "<group>"; };
		AA86F32A2A66755B00E1126F /* Info.plist */ = {isa = PBXFileReference; lastKnownFileType = text.plist.xml; path = Info.plist; sourceTree = "<group>"; };
		AA86F3372A67BB4800E1126F /* RMLocation.swift */ = {isa = PBXFileReference; lastKnownFileType = sourcecode.swift; path = RMLocation.swift; sourceTree = "<group>"; };
		AA86F3392A67BB5800E1126F /* RMCharacter.swift */ = {isa = PBXFileReference; lastKnownFileType = sourcecode.swift; path = RMCharacter.swift; sourceTree = "<group>"; };
		AA86F33B2A67BB6600E1126F /* RMEpisode.swift */ = {isa = PBXFileReference; lastKnownFileType = sourcecode.swift; path = RMEpisode.swift; sourceTree = "<group>"; };
		AA86F33E2A67BBC400E1126F /* RMCharacterViewController.swift */ = {isa = PBXFileReference; lastKnownFileType = sourcecode.swift; path = RMCharacterViewController.swift; sourceTree = "<group>"; };
		AA86F3402A67BC1600E1126F /* RMLocationViewController.swift */ = {isa = PBXFileReference; lastKnownFileType = sourcecode.swift; path = RMLocationViewController.swift; sourceTree = "<group>"; };
		AA86F3422A67BC2600E1126F /* RMEpisodeViewController.swift */ = {isa = PBXFileReference; lastKnownFileType = sourcecode.swift; path = RMEpisodeViewController.swift; sourceTree = "<group>"; };
		AA86F3442A67BC4500E1126F /* RMSettingsViewController.swift */ = {isa = PBXFileReference; lastKnownFileType = sourcecode.swift; path = RMSettingsViewController.swift; sourceTree = "<group>"; };
/* End PBXFileReference section */

/* Begin PBXFrameworksBuildPhase section */
		AA86F3162A66755B00E1126F /* Frameworks */ = {
			isa = PBXFrameworksBuildPhase;
			buildActionMask = 2147483647;
			files = (
			);
			runOnlyForDeploymentPostprocessing = 0;
		};
/* End PBXFrameworksBuildPhase section */

/* Begin PBXGroup section */
		AA86F3102A66755B00E1126F = {
			isa = PBXGroup;
			children = (
				AA86F31B2A66755B00E1126F /* RickyAndMorty */,
				AA86F31A2A66755B00E1126F /* Products */,
			);
			sourceTree = "<group>";
		};
		AA86F31A2A66755B00E1126F /* Products */ = {
			isa = PBXGroup;
			children = (
				AA86F3192A66755B00E1126F /* RickyAndMorty.app */,
			);
			name = Products;
			sourceTree = "<group>";
		};
		AA86F31B2A66755B00E1126F /* RickyAndMorty */ = {
			isa = PBXGroup;
			children = (
				AA86F3352A667DA400E1126F /* Resources */,
				AA86F3342A667D9C00E1126F /* Managers */,
				AA86F3332A667D8500E1126F /* APIClient */,
				AA86F3322A667D7A00E1126F /* ViewModels */,
				AA86F3312A667D7300E1126F /* Views */,
				AA86F3302A667D6100E1126F /* Models */,
				AA86F3362A667DC000E1126F /* Controllers */,
				AA86F32A2A66755B00E1126F /* Info.plist */,
			);
			path = RickyAndMorty;
			sourceTree = "<group>";
		};
		AA86F3302A667D6100E1126F /* Models */ = {
			isa = PBXGroup;
			children = (
				AA86F3372A67BB4800E1126F /* RMLocation.swift */,
				AA86F3392A67BB5800E1126F /* RMCharacter.swift */,
				AA86F33B2A67BB6600E1126F /* RMEpisode.swift */,
				AA092F9C2A69373500D15A6D /* RMOrigin.swift */,
				AA092F9E2A6937AB00D15A6D /* RMSingletLocation.swift */,
				AA092FA02A69391B00D15A6D /* RMCharacterStatus.swift */,
				AA092FA22A6939F200D15A6D /* RMCharacterGender.swift */,
			);
			path = Models;
			sourceTree = "<group>";
		};
		AA86F3312A667D7300E1126F /* Views */ = {
			isa = PBXGroup;
			children = (
			);
			path = Views;
			sourceTree = "<group>";
		};
		AA86F3322A667D7A00E1126F /* ViewModels */ = {
			isa = PBXGroup;
			children = (
			);
			path = ViewModels;
			sourceTree = "<group>";
		};
		AA86F3332A667D8500E1126F /* APIClient */ = {
			isa = PBXGroup;
			children = (
				AA092F962A692AB400D15A6D /* RMService.swift */,
				AA092F982A692AC400D15A6D /* RMRequest.swift */,
				AA092F9A2A692B4500D15A6D /* RMEndpoint.swift */,
			);
			path = APIClient;
			sourceTree = "<group>";
		};
		AA86F3342A667D9C00E1126F /* Managers */ = {
			isa = PBXGroup;
			children = (
			);
			path = Managers;
			sourceTree = "<group>";
		};
		AA86F3352A667DA400E1126F /* Resources */ = {
			isa = PBXGroup;
			children = (
				AA86F3252A66755B00E1126F /* Assets.xcassets */,
				AA86F3272A66755B00E1126F /* LaunchScreen.storyboard */,
				AA86F31C2A66755B00E1126F /* AppDelegate.swift */,
				AA86F31E2A66755B00E1126F /* SceneDelegate.swift */,
			);
			path = Resources;
			sourceTree = "<group>";
		};
		AA86F3362A667DC000E1126F /* Controllers */ = {
			isa = PBXGroup;
			children = (
				AA86F33D2A67BBA100E1126F /* Core */,
				AA86F3202A66755B00E1126F /* RMTabViewController.swift */,
			);
			path = Controllers;
			sourceTree = "<group>";
		};
		AA86F33D2A67BBA100E1126F /* Core */ = {
			isa = PBXGroup;
			children = (
				AA86F33E2A67BBC400E1126F /* RMCharacterViewController.swift */,
				AA86F3402A67BC1600E1126F /* RMLocationViewController.swift */,
				AA86F3422A67BC2600E1126F /* RMEpisodeViewController.swift */,
				AA86F3442A67BC4500E1126F /* RMSettingsViewController.swift */,
			);
			path = Core;
			sourceTree = "<group>";
		};
/* End PBXGroup section */

/* Begin PBXNativeTarget section */
		AA86F3182A66755B00E1126F /* RickyAndMorty */ = {
			isa = PBXNativeTarget;
			buildConfigurationList = AA86F32D2A66755B00E1126F /* Build configuration list for PBXNativeTarget "RickyAndMorty" */;
			buildPhases = (
				AA86F3152A66755B00E1126F /* Sources */,
				AA86F3162A66755B00E1126F /* Frameworks */,
				AA86F3172A66755B00E1126F /* Resources */,
			);
			buildRules = (
			);
			dependencies = (
			);
			name = RickyAndMorty;
			productName = RickyAndMorty;
			productReference = AA86F3192A66755B00E1126F /* RickyAndMorty.app */;
			productType = "com.apple.product-type.application";
		};
/* End PBXNativeTarget section */

/* Begin PBXProject section */
		AA86F3112A66755B00E1126F /* Project object */ = {
			isa = PBXProject;
			attributes = {
				BuildIndependentTargetsInParallel = 1;
				LastSwiftUpdateCheck = 1420;
				LastUpgradeCheck = 1420;
				TargetAttributes = {
					AA86F3182A66755B00E1126F = {
						CreatedOnToolsVersion = 14.2;
					};
				};
			};
			buildConfigurationList = AA86F3142A66755B00E1126F /* Build configuration list for PBXProject "RickyAndMorty" */;
			compatibilityVersion = "Xcode 14.0";
			developmentRegion = en;
			hasScannedForEncodings = 0;
			knownRegions = (
				en,
				Base,
			);
			mainGroup = AA86F3102A66755B00E1126F;
			productRefGroup = AA86F31A2A66755B00E1126F /* Products */;
			projectDirPath = "";
			projectRoot = "";
			targets = (
				AA86F3182A66755B00E1126F /* RickyAndMorty */,
			);
		};
/* End PBXProject section */

/* Begin PBXResourcesBuildPhase section */
		AA86F3172A66755B00E1126F /* Resources */ = {
			isa = PBXResourcesBuildPhase;
			buildActionMask = 2147483647;
			files = (
				AA86F3292A66755B00E1126F /* LaunchScreen.storyboard in Resources */,
				AA86F3262A66755B00E1126F /* Assets.xcassets in Resources */,
			);
			runOnlyForDeploymentPostprocessing = 0;
		};
/* End PBXResourcesBuildPhase section */

/* Begin PBXSourcesBuildPhase section */
		AA86F3152A66755B00E1126F /* Sources */ = {
			isa = PBXSourcesBuildPhase;
			buildActionMask = 2147483647;
			files = (
				AA092F9F2A6937AB00D15A6D /* RMSingletLocation.swift in Sources */,
				AA092F9D2A69373500D15A6D /* RMOrigin.swift in Sources */,
				AA092FA12A69391B00D15A6D /* RMCharacterStatus.swift in Sources */,
				AA092FA32A6939F200D15A6D /* RMCharacterGender.swift in Sources */,
				AA86F3412A67BC1700E1126F /* RMLocationViewController.swift in Sources */,
				AA86F33C2A67BB6600E1126F /* RMEpisode.swift in Sources */,
				AA86F3212A66755B00E1126F /* RMTabViewController.swift in Sources */,
				AA86F3432A67BC2600E1126F /* RMEpisodeViewController.swift in Sources */,
				AA86F31D2A66755B00E1126F /* AppDelegate.swift in Sources */,
				AA86F31F2A66755B00E1126F /* SceneDelegate.swift in Sources */,
				AA86F3452A67BC4500E1126F /* RMSettingsViewController.swift in Sources */,
				AA092F972A692AB400D15A6D /* RMService.swift in Sources */,
				AA86F3382A67BB4800E1126F /* RMLocation.swift in Sources */,
				AA092F9B2A692B4500D15A6D /* RMEndpoint.swift in Sources */,
				AA86F33A2A67BB5800E1126F /* RMCharacter.swift in Sources */,
				AA092F992A692AC400D15A6D /* RMRequest.swift in Sources */,
				AA86F33F2A67BBC400E1126F /* RMCharacterViewController.swift in Sources */,
			);
			runOnlyForDeploymentPostprocessing = 0;
		};
/* End PBXSourcesBuildPhase section */

/* Begin PBXVariantGroup section */
		AA86F3272A66755B00E1126F /* LaunchScreen.storyboard */ = {
			isa = PBXVariantGroup;
			children = (
				AA86F3282A66755B00E1126F /* Base */,
			);
			name = LaunchScreen.storyboard;
			sourceTree = "<group>";
		};
/* End PBXVariantGroup section */

/* Begin XCBuildConfiguration section */
		AA86F32B2A66755B00E1126F /* Debug */ = {
			isa = XCBuildConfiguration;
			buildSettings = {
				ALWAYS_SEARCH_USER_PATHS = NO;
				CLANG_ANALYZER_NONNULL = YES;
				CLANG_ANALYZER_NUMBER_OBJECT_CONVERSION = YES_AGGRESSIVE;
				CLANG_CXX_LANGUAGE_STANDARD = "gnu++20";
				CLANG_ENABLE_MODULES = YES;
				CLANG_ENABLE_OBJC_ARC = YES;
				CLANG_ENABLE_OBJC_WEAK = YES;
				CLANG_WARN_BLOCK_CAPTURE_AUTORELEASING = YES;
				CLANG_WARN_BOOL_CONVERSION = YES;
				CLANG_WARN_COMMA = YES;
				CLANG_WARN_CONSTANT_CONVERSION = YES;
				CLANG_WARN_DEPRECATED_OBJC_IMPLEMENTATIONS = YES;
				CLANG_WARN_DIRECT_OBJC_ISA_USAGE = YES_ERROR;
				CLANG_WARN_DOCUMENTATION_COMMENTS = YES;
				CLANG_WARN_EMPTY_BODY = YES;
				CLANG_WARN_ENUM_CONVERSION = YES;
				CLANG_WARN_INFINITE_RECURSION = YES;
				CLANG_WARN_INT_CONVERSION = YES;
				CLANG_WARN_NON_LITERAL_NULL_CONVERSION = YES;
				CLANG_WARN_OBJC_IMPLICIT_RETAIN_SELF = YES;
				CLANG_WARN_OBJC_LITERAL_CONVERSION = YES;
				CLANG_WARN_OBJC_ROOT_CLASS = YES_ERROR;
				CLANG_WARN_QUOTED_INCLUDE_IN_FRAMEWORK_HEADER = YES;
				CLANG_WARN_RANGE_LOOP_ANALYSIS = YES;
				CLANG_WARN_STRICT_PROTOTYPES = YES;
				CLANG_WARN_SUSPICIOUS_MOVE = YES;
				CLANG_WARN_UNGUARDED_AVAILABILITY = YES_AGGRESSIVE;
				CLANG_WARN_UNREACHABLE_CODE = YES;
				CLANG_WARN__DUPLICATE_METHOD_MATCH = YES;
				COPY_PHASE_STRIP = NO;
				DEBUG_INFORMATION_FORMAT = dwarf;
				ENABLE_STRICT_OBJC_MSGSEND = YES;
				ENABLE_TESTABILITY = YES;
				GCC_C_LANGUAGE_STANDARD = gnu11;
				GCC_DYNAMIC_NO_PIC = NO;
				GCC_NO_COMMON_BLOCKS = YES;
				GCC_OPTIMIZATION_LEVEL = 0;
				GCC_PREPROCESSOR_DEFINITIONS = (
					"DEBUG=1",
					"$(inherited)",
				);
				GCC_WARN_64_TO_32_BIT_CONVERSION = YES;
				GCC_WARN_ABOUT_RETURN_TYPE = YES_ERROR;
				GCC_WARN_UNDECLARED_SELECTOR = YES;
				GCC_WARN_UNINITIALIZED_AUTOS = YES_AGGRESSIVE;
				GCC_WARN_UNUSED_FUNCTION = YES;
				GCC_WARN_UNUSED_VARIABLE = YES;
				IPHONEOS_DEPLOYMENT_TARGET = 16.2;
				MTL_ENABLE_DEBUG_INFO = INCLUDE_SOURCE;
				MTL_FAST_MATH = YES;
				ONLY_ACTIVE_ARCH = YES;
				SDKROOT = iphoneos;
				SWIFT_ACTIVE_COMPILATION_CONDITIONS = DEBUG;
				SWIFT_OPTIMIZATION_LEVEL = "-Onone";
			};
			name = Debug;
		};
		AA86F32C2A66755B00E1126F /* Release */ = {
			isa = XCBuildConfiguration;
			buildSettings = {
				ALWAYS_SEARCH_USER_PATHS = NO;
				CLANG_ANALYZER_NONNULL = YES;
				CLANG_ANALYZER_NUMBER_OBJECT_CONVERSION = YES_AGGRESSIVE;
				CLANG_CXX_LANGUAGE_STANDARD = "gnu++20";
				CLANG_ENABLE_MODULES = YES;
				CLANG_ENABLE_OBJC_ARC = YES;
				CLANG_ENABLE_OBJC_WEAK = YES;
				CLANG_WARN_BLOCK_CAPTURE_AUTORELEASING = YES;
				CLANG_WARN_BOOL_CONVERSION = YES;
				CLANG_WARN_COMMA = YES;
				CLANG_WARN_CONSTANT_CONVERSION = YES;
				CLANG_WARN_DEPRECATED_OBJC_IMPLEMENTATIONS = YES;
				CLANG_WARN_DIRECT_OBJC_ISA_USAGE = YES_ERROR;
				CLANG_WARN_DOCUMENTATION_COMMENTS = YES;
				CLANG_WARN_EMPTY_BODY = YES;
				CLANG_WARN_ENUM_CONVERSION = YES;
				CLANG_WARN_INFINITE_RECURSION = YES;
				CLANG_WARN_INT_CONVERSION = YES;
				CLANG_WARN_NON_LITERAL_NULL_CONVERSION = YES;
				CLANG_WARN_OBJC_IMPLICIT_RETAIN_SELF = YES;
				CLANG_WARN_OBJC_LITERAL_CONVERSION = YES;
				CLANG_WARN_OBJC_ROOT_CLASS = YES_ERROR;
				CLANG_WARN_QUOTED_INCLUDE_IN_FRAMEWORK_HEADER = YES;
				CLANG_WARN_RANGE_LOOP_ANALYSIS = YES;
				CLANG_WARN_STRICT_PROTOTYPES = YES;
				CLANG_WARN_SUSPICIOUS_MOVE = YES;
				CLANG_WARN_UNGUARDED_AVAILABILITY = YES_AGGRESSIVE;
				CLANG_WARN_UNREACHABLE_CODE = YES;
				CLANG_WARN__DUPLICATE_METHOD_MATCH = YES;
				COPY_PHASE_STRIP = NO;
				DEBUG_INFORMATION_FORMAT = "dwarf-with-dsym";
				ENABLE_NS_ASSERTIONS = NO;
				ENABLE_STRICT_OBJC_MSGSEND = YES;
				GCC_C_LANGUAGE_STANDARD = gnu11;
				GCC_NO_COMMON_BLOCKS = YES;
				GCC_WARN_64_TO_32_BIT_CONVERSION = YES;
				GCC_WARN_ABOUT_RETURN_TYPE = YES_ERROR;
				GCC_WARN_UNDECLARED_SELECTOR = YES;
				GCC_WARN_UNINITIALIZED_AUTOS = YES_AGGRESSIVE;
				GCC_WARN_UNUSED_FUNCTION = YES;
				GCC_WARN_UNUSED_VARIABLE = YES;
				IPHONEOS_DEPLOYMENT_TARGET = 16.2;
				MTL_ENABLE_DEBUG_INFO = NO;
				MTL_FAST_MATH = YES;
				SDKROOT = iphoneos;
				SWIFT_COMPILATION_MODE = wholemodule;
				SWIFT_OPTIMIZATION_LEVEL = "-O";
				VALIDATE_PRODUCT = YES;
			};
			name = Release;
		};
		AA86F32E2A66755B00E1126F /* Debug */ = {
			isa = XCBuildConfiguration;
			buildSettings = {
				ASSETCATALOG_COMPILER_APPICON_NAME = AppIcon;
				ASSETCATALOG_COMPILER_GLOBAL_ACCENT_COLOR_NAME = AccentColor;
				CODE_SIGN_STYLE = Automatic;
				CURRENT_PROJECT_VERSION = 1;
				DEVELOPMENT_TEAM = 6D2YCABAB7;
				GENERATE_INFOPLIST_FILE = YES;
				INFOPLIST_FILE = RickyAndMorty/Info.plist;
				INFOPLIST_KEY_UIApplicationSupportsIndirectInputEvents = YES;
				INFOPLIST_KEY_UILaunchStoryboardName = LaunchScreen;
				INFOPLIST_KEY_UISupportedInterfaceOrientations_iPad = "UIInterfaceOrientationPortrait UIInterfaceOrientationPortraitUpsideDown UIInterfaceOrientationLandscapeLeft UIInterfaceOrientationLandscapeRight";
				INFOPLIST_KEY_UISupportedInterfaceOrientations_iPhone = "UIInterfaceOrientationPortrait UIInterfaceOrientationLandscapeLeft UIInterfaceOrientationLandscapeRight";
				LD_RUNPATH_SEARCH_PATHS = (
					"$(inherited)",
					"@executable_path/Frameworks",
				);
				MARKETING_VERSION = 1.0;
				PRODUCT_BUNDLE_IDENTIFIER = co.rickyandmortyapp.com.RickyAndMorty;
				PRODUCT_NAME = "$(TARGET_NAME)";
				SWIFT_EMIT_LOC_STRINGS = YES;
				SWIFT_VERSION = 5.0;
				TARGETED_DEVICE_FAMILY = "1,2";
			};
			name = Debug;
		};
		AA86F32F2A66755B00E1126F /* Release */ = {
			isa = XCBuildConfiguration;
			buildSettings = {
				ASSETCATALOG_COMPILER_APPICON_NAME = AppIcon;
				ASSETCATALOG_COMPILER_GLOBAL_ACCENT_COLOR_NAME = AccentColor;
				CODE_SIGN_STYLE = Automatic;
				CURRENT_PROJECT_VERSION = 1;
				DEVELOPMENT_TEAM = 6D2YCABAB7;
				GENERATE_INFOPLIST_FILE = YES;
				INFOPLIST_FILE = RickyAndMorty/Info.plist;
				INFOPLIST_KEY_UIApplicationSupportsIndirectInputEvents = YES;
				INFOPLIST_KEY_UILaunchStoryboardName = LaunchScreen;
				INFOPLIST_KEY_UISupportedInterfaceOrientations_iPad = "UIInterfaceOrientationPortrait UIInterfaceOrientationPortraitUpsideDown UIInterfaceOrientationLandscapeLeft UIInterfaceOrientationLandscapeRight";
				INFOPLIST_KEY_UISupportedInterfaceOrientations_iPhone = "UIInterfaceOrientationPortrait UIInterfaceOrientationLandscapeLeft UIInterfaceOrientationLandscapeRight";
				LD_RUNPATH_SEARCH_PATHS = (
					"$(inherited)",
					"@executable_path/Frameworks",
				);
				MARKETING_VERSION = 1.0;
				PRODUCT_BUNDLE_IDENTIFIER = co.rickyandmortyapp.com.RickyAndMorty;
				PRODUCT_NAME = "$(TARGET_NAME)";
				SWIFT_EMIT_LOC_STRINGS = YES;
				SWIFT_VERSION = 5.0;
				TARGETED_DEVICE_FAMILY = "1,2";
			};
			name = Release;
		};
/* End XCBuildConfiguration section */

/* Begin XCConfigurationList section */
		AA86F3142A66755B00E1126F /* Build configuration list for PBXProject "RickyAndMorty" */ = {
			isa = XCConfigurationList;
			buildConfigurations = (
				AA86F32B2A66755B00E1126F /* Debug */,
				AA86F32C2A66755B00E1126F /* Release */,
			);
			defaultConfigurationIsVisible = 0;
			defaultConfigurationName = Release;
		};
		AA86F32D2A66755B00E1126F /* Build configuration list for PBXNativeTarget "RickyAndMorty" */ = {
			isa = XCConfigurationList;
			buildConfigurations = (
				AA86F32E2A66755B00E1126F /* Debug */,
				AA86F32F2A66755B00E1126F /* Release */,
			);
			defaultConfigurationIsVisible = 0;
			defaultConfigurationName = Release;
		};
/* End XCConfigurationList section */
	};
	rootObject = AA86F3112A66755B00E1126F /* Project object */;
}
