// !$*UTF8*$!
{
	archiveVersion = 1;
	classes = {
	};
	objectVersion = 56;
	objects = {

/* Begin PBXBuildFile section */
		3B1BD64D2A7A97F600E1D8CD /* RMCharacterCollectionViewCell.swift in Sources */ = {isa = PBXBuildFile; fileRef = 3B1BD64C2A7A97F600E1D8CD /* RMCharacterCollectionViewCell.swift */; };
		3B1BD64F2A7A990700E1D8CD /* RMCharacterCollectionViewCellViewModel.swift in Sources */ = {isa = PBXBuildFile; fileRef = 3B1BD64E2A7A990700E1D8CD /* RMCharacterCollectionViewCellViewModel.swift */; };
		3B663E002A77EB5500F199E3 /* RMGetAllCharactersResponse.swift in Sources */ = {isa = PBXBuildFile; fileRef = 3B663DFF2A77EB5500F199E3 /* RMGetAllCharactersResponse.swift */; };
		3B663E022A77EF8500F199E3 /* RMCharacterListViewViewModel.swift in Sources */ = {isa = PBXBuildFile; fileRef = 3B663E012A77EF8500F199E3 /* RMCharacterListViewViewModel.swift */; };
		3B663E042A77EFEC00F199E3 /* RMCharacterListView.swift in Sources */ = {isa = PBXBuildFile; fileRef = 3B663E032A77EFEC00F199E3 /* RMCharacterListView.swift */; };
		3B663E062A77F47D00F199E3 /* Extensions.swift in Sources */ = {isa = PBXBuildFile; fileRef = 3B663E052A77F47D00F199E3 /* Extensions.swift */; };
		947F7AE0B4456F159C86C8A5 /* Pods_RickyAndMorty.framework in Frameworks */ = {isa = PBXBuildFile; fileRef = 7B4A138AF8F7294A4227352F /* Pods_RickyAndMorty.framework */; };
		AA092F972A692AB400D15A6D /* RMService.swift in Sources */ = {isa = PBXBuildFile; fileRef = AA092F962A692AB400D15A6D /* RMService.swift */; };
		AA092F992A692AC400D15A6D /* RMRequest.swift in Sources */ = {isa = PBXBuildFile; fileRef = AA092F982A692AC400D15A6D /* RMRequest.swift */; };
		AA092F9B2A692B4500D15A6D /* RMEndpoint.swift in Sources */ = {isa = PBXBuildFile; fileRef = AA092F9A2A692B4500D15A6D /* RMEndpoint.swift */; };
		AA092F9D2A69373500D15A6D /* RMOrigin.swift in Sources */ = {isa = PBXBuildFile; fileRef = AA092F9C2A69373500D15A6D /* RMOrigin.swift */; };
		AA092F9F2A6937AB00D15A6D /* RMSingletLocation.swift in Sources */ = {isa = PBXBuildFile; fileRef = AA092F9E2A6937AB00D15A6D /* RMSingletLocation.swift */; };
		AA092FA12A69391B00D15A6D /* RMCharacterStatus.swift in Sources */ = {isa = PBXBuildFile; fileRef = AA092FA02A69391B00D15A6D /* RMCharacterStatus.swift */; };
		AA092FA32A6939F200D15A6D /* RMCharacterGender.swift in Sources */ = {isa = PBXBuildFile; fileRef = AA092FA22A6939F200D15A6D /* RMCharacterGender.swift */; };
		AA092FA62A80C6F600D15A6D /* RMCharacterDetailViewController.swift in Sources */ = {isa = PBXBuildFile; fileRef = AA092FA52A80C6F600D15A6D /* RMCharacterDetailViewController.swift */; };
		AA092FA92A80C7A700D15A6D /* RMCharacterDetailView.swift in Sources */ = {isa = PBXBuildFile; fileRef = AA092FA82A80C7A700D15A6D /* RMCharacterDetailView.swift */; };
		AA092FAB2A80C7C100D15A6D /* RMCharacterDetailViewViewModel.swift in Sources */ = {isa = PBXBuildFile; fileRef = AA092FAA2A80C7C100D15A6D /* RMCharacterDetailViewViewModel.swift */; };
		AA092FAD2A80CD1400D15A6D /* RMFooterLoadingCollectionReusableView.swift in Sources */ = {isa = PBXBuildFile; fileRef = AA092FAC2A80CD1400D15A6D /* RMFooterLoadingCollectionReusableView.swift */; };
		AA092FB12A8B614D00D15A6D /* RMCharacterPhotoCollectionViewCell.swift in Sources */ = {isa = PBXBuildFile; fileRef = AA092FB02A8B614D00D15A6D /* RMCharacterPhotoCollectionViewCell.swift */; };
		AA092FB32A8B616B00D15A6D /* RMCharacterInfoCollectionViewCell.swift in Sources */ = {isa = PBXBuildFile; fileRef = AA092FB22A8B616B00D15A6D /* RMCharacterInfoCollectionViewCell.swift */; };
		AA092FB52A8B617800D15A6D /* RMCharacterEpisodeCollectionViewCell.swift in Sources */ = {isa = PBXBuildFile; fileRef = AA092FB42A8B617800D15A6D /* RMCharacterEpisodeCollectionViewCell.swift */; };
		AA092FB82A8B620100D15A6D /* RMCharacterInfoCollectionViewCellViewModel.swift in Sources */ = {isa = PBXBuildFile; fileRef = AA092FB72A8B620100D15A6D /* RMCharacterInfoCollectionViewCellViewModel.swift */; };
		AA092FBA2A8B621300D15A6D /* RMCharacterPhotoCollectionViewCellViewModel.swift in Sources */ = {isa = PBXBuildFile; fileRef = AA092FB92A8B621300D15A6D /* RMCharacterPhotoCollectionViewCellViewModel.swift */; };
		AA092FBC2A8B622600D15A6D /* RMCharacterEpisodeCollectionViewCellViewModel.swift in Sources */ = {isa = PBXBuildFile; fileRef = AA092FBB2A8B622600D15A6D /* RMCharacterEpisodeCollectionViewCellViewModel.swift */; };
		AA72DCEB2B3141BD00595162 /* RMImageLoader.swift in Sources */ = {isa = PBXBuildFile; fileRef = AA72DCEA2B3141BD00595162 /* RMImageLoader.swift */; };
		AA86F31D2A66755B00E1126F /* AppDelegate.swift in Sources */ = {isa = PBXBuildFile; fileRef = AA86F31C2A66755B00E1126F /* AppDelegate.swift */; };
		AA86F31F2A66755B00E1126F /* SceneDelegate.swift in Sources */ = {isa = PBXBuildFile; fileRef = AA86F31E2A66755B00E1126F /* SceneDelegate.swift */; };
		AA86F3212A66755B00E1126F /* RMTabViewController.swift in Sources */ = {isa = PBXBuildFile; fileRef = AA86F3202A66755B00E1126F /* RMTabViewController.swift */; };
		AA86F3262A66755B00E1126F /* Assets.xcassets in Resources */ = {isa = PBXBuildFile; fileRef = AA86F3252A66755B00E1126F /* Assets.xcassets */; };
		AA86F3292A66755B00E1126F /* LaunchScreen.storyboard in Resources */ = {isa = PBXBuildFile; fileRef = AA86F3272A66755B00E1126F /* LaunchScreen.storyboard */; };
		AA86F3382A67BB4800E1126F /* RMLocation.swift in Sources */ = {isa = PBXBuildFile; fileRef = AA86F3372A67BB4800E1126F /* RMLocation.swift */; };
		AA86F33A2A67BB5800E1126F /* RMCharacter.swift in Sources */ = {isa = PBXBuildFile; fileRef = AA86F3392A67BB5800E1126F /* RMCharacter.swift */; };
		AA86F33C2A67BB6600E1126F /* RMEpisode.swift in Sources */ = {isa = PBXBuildFile; fileRef = AA86F33B2A67BB6600E1126F /* RMEpisode.swift */; };
		AA86F33F2A67BBC400E1126F /* RMCharacterViewController.swift in Sources */ = {isa = PBXBuildFile; fileRef = AA86F33E2A67BBC400E1126F /* RMCharacterViewController.swift */; };
		AA86F3412A67BC1700E1126F /* RMLocationViewController.swift in Sources */ = {isa = PBXBuildFile; fileRef = AA86F3402A67BC1600E1126F /* RMLocationViewController.swift */; };
		AA86F3432A67BC2600E1126F /* RMEpisodeViewController.swift in Sources */ = {isa = PBXBuildFile; fileRef = AA86F3422A67BC2600E1126F /* RMEpisodeViewController.swift */; };
		AA86F3452A67BC4500E1126F /* RMSettingsViewController.swift in Sources */ = {isa = PBXBuildFile; fileRef = AA86F3442A67BC4500E1126F /* RMSettingsViewController.swift */; };
		AAE77FF22B6B4675004F9643 /* RickyAndMortyTests.swift in Sources */ = {isa = PBXBuildFile; fileRef = AAE77FF12B6B4675004F9643 /* RickyAndMortyTests.swift */; };
/* End PBXBuildFile section */

/* Begin PBXContainerItemProxy section */
		AAE77FF32B6B4675004F9643 /* PBXContainerItemProxy */ = {
			isa = PBXContainerItemProxy;
			containerPortal = AA86F3112A66755B00E1126F /* Project object */;
			proxyType = 1;
			remoteGlobalIDString = AA86F3182A66755B00E1126F;
			remoteInfo = RickyAndMorty;
		};
/* End PBXContainerItemProxy section */

/* Begin PBXFileReference section */
		030962786B1B5E794A8D2F84 /* Pods-RickyAndMorty.release.xcconfig */ = {isa = PBXFileReference; includeInIndex = 1; lastKnownFileType = text.xcconfig; name = "Pods-RickyAndMorty.release.xcconfig"; path = "Target Support Files/Pods-RickyAndMorty/Pods-RickyAndMorty.release.xcconfig"; sourceTree = "<group>"; };
		39612E26191F09E32CEA2A2B /* Pods-RickyAndMorty.debug.xcconfig */ = {isa = PBXFileReference; includeInIndex = 1; lastKnownFileType = text.xcconfig; name = "Pods-RickyAndMorty.debug.xcconfig"; path = "Target Support Files/Pods-RickyAndMorty/Pods-RickyAndMorty.debug.xcconfig"; sourceTree = "<group>"; };
		3B1BD64C2A7A97F600E1D8CD /* RMCharacterCollectionViewCell.swift */ = {isa = PBXFileReference; lastKnownFileType = sourcecode.swift; path = RMCharacterCollectionViewCell.swift; sourceTree = "<group>"; };
		3B1BD64E2A7A990700E1D8CD /* RMCharacterCollectionViewCellViewModel.swift */ = {isa = PBXFileReference; lastKnownFileType = sourcecode.swift; path = RMCharacterCollectionViewCellViewModel.swift; sourceTree = "<group>"; };
		3B663DFF2A77EB5500F199E3 /* RMGetAllCharactersResponse.swift */ = {isa = PBXFileReference; lastKnownFileType = sourcecode.swift; path = RMGetAllCharactersResponse.swift; sourceTree = "<group>"; };
		3B663E012A77EF8500F199E3 /* RMCharacterListViewViewModel.swift */ = {isa = PBXFileReference; lastKnownFileType = sourcecode.swift; name = RMCharacterListViewViewModel.swift; path = RickyAndMorty/Models/APIResponseTypes/RMCharacterListViewViewModel.swift; sourceTree = SOURCE_ROOT; };
		3B663E032A77EFEC00F199E3 /* RMCharacterListView.swift */ = {isa = PBXFileReference; lastKnownFileType = sourcecode.swift; name = RMCharacterListView.swift; path = RickyAndMorty/Views/Character/RMCharacterListView.swift; sourceTree = SOURCE_ROOT; };
		3B663E052A77F47D00F199E3 /* Extensions.swift */ = {isa = PBXFileReference; lastKnownFileType = sourcecode.swift; path = Extensions.swift; sourceTree = "<group>"; };
		7B4A138AF8F7294A4227352F /* Pods_RickyAndMorty.framework */ = {isa = PBXFileReference; explicitFileType = wrapper.framework; includeInIndex = 0; path = Pods_RickyAndMorty.framework; sourceTree = BUILT_PRODUCTS_DIR; };
		AA092F962A692AB400D15A6D /* RMService.swift */ = {isa = PBXFileReference; lastKnownFileType = sourcecode.swift; path = RMService.swift; sourceTree = "<group>"; };
		AA092F982A692AC400D15A6D /* RMRequest.swift */ = {isa = PBXFileReference; lastKnownFileType = sourcecode.swift; path = RMRequest.swift; sourceTree = "<group>"; };
		AA092F9A2A692B4500D15A6D /* RMEndpoint.swift */ = {isa = PBXFileReference; lastKnownFileType = sourcecode.swift; path = RMEndpoint.swift; sourceTree = "<group>"; };
		AA092F9C2A69373500D15A6D /* RMOrigin.swift */ = {isa = PBXFileReference; lastKnownFileType = sourcecode.swift; path = RMOrigin.swift; sourceTree = "<group>"; };
		AA092F9E2A6937AB00D15A6D /* RMSingletLocation.swift */ = {isa = PBXFileReference; lastKnownFileType = sourcecode.swift; path = RMSingletLocation.swift; sourceTree = "<group>"; };
		AA092FA02A69391B00D15A6D /* RMCharacterStatus.swift */ = {isa = PBXFileReference; lastKnownFileType = sourcecode.swift; path = RMCharacterStatus.swift; sourceTree = "<group>"; };
		AA092FA22A6939F200D15A6D /* RMCharacterGender.swift */ = {isa = PBXFileReference; lastKnownFileType = sourcecode.swift; path = RMCharacterGender.swift; sourceTree = "<group>"; };
		AA092FA52A80C6F600D15A6D /* RMCharacterDetailViewController.swift */ = {isa = PBXFileReference; lastKnownFileType = sourcecode.swift; path = RMCharacterDetailViewController.swift; sourceTree = "<group>"; };
		AA092FA82A80C7A700D15A6D /* RMCharacterDetailView.swift */ = {isa = PBXFileReference; lastKnownFileType = sourcecode.swift; path = RMCharacterDetailView.swift; sourceTree = "<group>"; };
		AA092FAA2A80C7C100D15A6D /* RMCharacterDetailViewViewModel.swift */ = {isa = PBXFileReference; lastKnownFileType = sourcecode.swift; path = RMCharacterDetailViewViewModel.swift; sourceTree = "<group>"; };
		AA092FAC2A80CD1400D15A6D /* RMFooterLoadingCollectionReusableView.swift */ = {isa = PBXFileReference; lastKnownFileType = sourcecode.swift; path = RMFooterLoadingCollectionReusableView.swift; sourceTree = "<group>"; };
		AA092FB02A8B614D00D15A6D /* RMCharacterPhotoCollectionViewCell.swift */ = {isa = PBXFileReference; lastKnownFileType = sourcecode.swift; path = RMCharacterPhotoCollectionViewCell.swift; sourceTree = "<group>"; };
		AA092FB22A8B616B00D15A6D /* RMCharacterInfoCollectionViewCell.swift */ = {isa = PBXFileReference; lastKnownFileType = sourcecode.swift; path = RMCharacterInfoCollectionViewCell.swift; sourceTree = "<group>"; };
		AA092FB42A8B617800D15A6D /* RMCharacterEpisodeCollectionViewCell.swift */ = {isa = PBXFileReference; lastKnownFileType = sourcecode.swift; path = RMCharacterEpisodeCollectionViewCell.swift; sourceTree = "<group>"; };
		AA092FB72A8B620100D15A6D /* RMCharacterInfoCollectionViewCellViewModel.swift */ = {isa = PBXFileReference; lastKnownFileType = sourcecode.swift; path = RMCharacterInfoCollectionViewCellViewModel.swift; sourceTree = "<group>"; };
		AA092FB92A8B621300D15A6D /* RMCharacterPhotoCollectionViewCellViewModel.swift */ = {isa = PBXFileReference; lastKnownFileType = sourcecode.swift; path = RMCharacterPhotoCollectionViewCellViewModel.swift; sourceTree = "<group>"; };
		AA092FBB2A8B622600D15A6D /* RMCharacterEpisodeCollectionViewCellViewModel.swift */ = {isa = PBXFileReference; lastKnownFileType = sourcecode.swift; path = RMCharacterEpisodeCollectionViewCellViewModel.swift; sourceTree = "<group>"; };
		AA72DCEA2B3141BD00595162 /* RMImageLoader.swift */ = {isa = PBXFileReference; lastKnownFileType = sourcecode.swift; path = RMImageLoader.swift; sourceTree = "<group>"; };
		AA86F3192A66755B00E1126F /* RickyAndMorty.app */ = {isa = PBXFileReference; explicitFileType = wrapper.application; includeInIndex = 0; path = RickyAndMorty.app; sourceTree = BUILT_PRODUCTS_DIR; };
		AA86F31C2A66755B00E1126F /* AppDelegate.swift */ = {isa = PBXFileReference; lastKnownFileType = sourcecode.swift; path = AppDelegate.swift; sourceTree = "<group>"; };
		AA86F31E2A66755B00E1126F /* SceneDelegate.swift */ = {isa = PBXFileReference; lastKnownFileType = sourcecode.swift; path = SceneDelegate.swift; sourceTree = "<group>"; };
		AA86F3202A66755B00E1126F /* RMTabViewController.swift */ = {isa = PBXFileReference; lastKnownFileType = sourcecode.swift; path = RMTabViewController.swift; sourceTree = "<group>"; };
		AA86F3252A66755B00E1126F /* Assets.xcassets */ = {isa = PBXFileReference; lastKnownFileType = folder.assetcatalog; path = Assets.xcassets; sourceTree = "<group>"; };
		AA86F3282A66755B00E1126F /* Base */ = {isa = PBXFileReference; lastKnownFileType = file.storyboard; name = Base; path = Base.lproj/LaunchScreen.storyboard; sourceTree = "<group>"; };
		AA86F32A2A66755B00E1126F /* Info.plist */ = {isa = PBXFileReference; lastKnownFileType = text.plist.xml; path = Info.plist; sourceTree = "<group>"; };
		AA86F3372A67BB4800E1126F /* RMLocation.swift */ = {isa = PBXFileReference; lastKnownFileType = sourcecode.swift; path = RMLocation.swift; sourceTree = "<group>"; };
		AA86F3392A67BB5800E1126F /* RMCharacter.swift */ = {isa = PBXFileReference; lastKnownFileType = sourcecode.swift; path = RMCharacter.swift; sourceTree = "<group>"; };
		AA86F33B2A67BB6600E1126F /* RMEpisode.swift */ = {isa = PBXFileReference; lastKnownFileType = sourcecode.swift; path = RMEpisode.swift; sourceTree = "<group>"; };
		AA86F33E2A67BBC400E1126F /* RMCharacterViewController.swift */ = {isa = PBXFileReference; lastKnownFileType = sourcecode.swift; path = RMCharacterViewController.swift; sourceTree = "<group>"; };
		AA86F3402A67BC1600E1126F /* RMLocationViewController.swift */ = {isa = PBXFileReference; lastKnownFileType = sourcecode.swift; path = RMLocationViewController.swift; sourceTree = "<group>"; };
		AA86F3422A67BC2600E1126F /* RMEpisodeViewController.swift */ = {isa = PBXFileReference; lastKnownFileType = sourcecode.swift; path = RMEpisodeViewController.swift; sourceTree = "<group>"; };
		AA86F3442A67BC4500E1126F /* RMSettingsViewController.swift */ = {isa = PBXFileReference; lastKnownFileType = sourcecode.swift; path = RMSettingsViewController.swift; sourceTree = "<group>"; };
		AAE77FEF2B6B4675004F9643 /* RickyAndMortyTests.xctest */ = {isa = PBXFileReference; explicitFileType = wrapper.cfbundle; includeInIndex = 0; path = RickyAndMortyTests.xctest; sourceTree = BUILT_PRODUCTS_DIR; };
		AAE77FF12B6B4675004F9643 /* RickyAndMortyTests.swift */ = {isa = PBXFileReference; lastKnownFileType = sourcecode.swift; path = RickyAndMortyTests.swift; sourceTree = "<group>"; };
/* End PBXFileReference section */

/* Begin PBXFrameworksBuildPhase section */
		AA86F3162A66755B00E1126F /* Frameworks */ = {
			isa = PBXFrameworksBuildPhase;
			buildActionMask = 2147483647;
			files = (
				947F7AE0B4456F159C86C8A5 /* Pods_RickyAndMorty.framework in Frameworks */,
			);
			runOnlyForDeploymentPostprocessing = 0;
		};
		AAE77FEC2B6B4675004F9643 /* Frameworks */ = {
			isa = PBXFrameworksBuildPhase;
			buildActionMask = 2147483647;
			files = (
			);
			runOnlyForDeploymentPostprocessing = 0;
		};
/* End PBXFrameworksBuildPhase section */

/* Begin PBXGroup section */
		192B9F24CEF05ED908CA9CE2 /* Frameworks */ = {
			isa = PBXGroup;
			children = (
				7B4A138AF8F7294A4227352F /* Pods_RickyAndMorty.framework */,
			);
			name = Frameworks;
			sourceTree = "<group>";
		};
		3B663DFD2A77EB0A00F199E3 /* DataTypes */ = {
			isa = PBXGroup;
			children = (
				AA86F3372A67BB4800E1126F /* RMLocation.swift */,
				AA86F3392A67BB5800E1126F /* RMCharacter.swift */,
				AA86F33B2A67BB6600E1126F /* RMEpisode.swift */,
				AA092F9C2A69373500D15A6D /* RMOrigin.swift */,
				AA092F9E2A6937AB00D15A6D /* RMSingletLocation.swift */,
				AA092FA02A69391B00D15A6D /* RMCharacterStatus.swift */,
				AA092FA22A6939F200D15A6D /* RMCharacterGender.swift */,
			);
			path = DataTypes;
			sourceTree = "<group>";
		};
		3B663DFE2A77EB1D00F199E3 /* APIResponseTypes */ = {
			isa = PBXGroup;
			children = (
				3B663DFF2A77EB5500F199E3 /* RMGetAllCharactersResponse.swift */,
			);
			path = APIResponseTypes;
			sourceTree = "<group>";
		};
		459E8736F98C75F66F2A6134 /* Pods */ = {
			isa = PBXGroup;
			children = (
				39612E26191F09E32CEA2A2B /* Pods-RickyAndMorty.debug.xcconfig */,
				030962786B1B5E794A8D2F84 /* Pods-RickyAndMorty.release.xcconfig */,
			);
			path = Pods;
			sourceTree = "<group>";
		};
		AA092FA42A80C6D100D15A6D /* Other */ = {
			isa = PBXGroup;
			children = (
				AA092FA52A80C6F600D15A6D /* RMCharacterDetailViewController.swift */,
			);
			path = Other;
			sourceTree = "<group>";
		};
		AA092FAE2A8B60E300D15A6D /* CharacterDetails */ = {
			isa = PBXGroup;
			children = (
				AA092FA82A80C7A700D15A6D /* RMCharacterDetailView.swift */,
				AA092FB02A8B614D00D15A6D /* RMCharacterPhotoCollectionViewCell.swift */,
				AA092FB22A8B616B00D15A6D /* RMCharacterInfoCollectionViewCell.swift */,
				AA092FB42A8B617800D15A6D /* RMCharacterEpisodeCollectionViewCell.swift */,
			);
			path = CharacterDetails;
			sourceTree = "<group>";
		};
		AA092FAF2A8B610400D15A6D /* Character */ = {
			isa = PBXGroup;
			children = (
				3B663E032A77EFEC00F199E3 /* RMCharacterListView.swift */,
				3B1BD64C2A7A97F600E1D8CD /* RMCharacterCollectionViewCell.swift */,
			);
			path = Character;
			sourceTree = "<group>";
		};
		AA092FB62A8B61A100D15A6D /* CharacterDetail */ = {
			isa = PBXGroup;
			children = (
				AA092FAA2A80C7C100D15A6D /* RMCharacterDetailViewViewModel.swift */,
				AA092FB72A8B620100D15A6D /* RMCharacterInfoCollectionViewCellViewModel.swift */,
				AA092FB92A8B621300D15A6D /* RMCharacterPhotoCollectionViewCellViewModel.swift */,
				AA092FBB2A8B622600D15A6D /* RMCharacterEpisodeCollectionViewCellViewModel.swift */,
			);
			path = CharacterDetail;
			sourceTree = "<group>";
		};
		AA86F3102A66755B00E1126F = {
			isa = PBXGroup;
			children = (
				AA86F31B2A66755B00E1126F /* RickyAndMorty */,
				AAE77FF02B6B4675004F9643 /* RickyAndMortyTests */,
				AA86F31A2A66755B00E1126F /* Products */,
				459E8736F98C75F66F2A6134 /* Pods */,
				192B9F24CEF05ED908CA9CE2 /* Frameworks */,
			);
			sourceTree = "<group>";
		};
		AA86F31A2A66755B00E1126F /* Products */ = {
			isa = PBXGroup;
			children = (
				AA86F3192A66755B00E1126F /* RickyAndMorty.app */,
				AAE77FEF2B6B4675004F9643 /* RickyAndMortyTests.xctest */,
			);
			name = Products;
			sourceTree = "<group>";
		};
		AA86F31B2A66755B00E1126F /* RickyAndMorty */ = {
			isa = PBXGroup;
			children = (
				AA86F3352A667DA400E1126F /* Resources */,
				AA86F3342A667D9C00E1126F /* Managers */,
				AA86F3332A667D8500E1126F /* APIClient */,
				AA86F3322A667D7A00E1126F /* ViewModels */,
				AA86F3312A667D7300E1126F /* Views */,
				AA86F3302A667D6100E1126F /* Models */,
				AA86F3362A667DC000E1126F /* Controllers */,
				AA86F32A2A66755B00E1126F /* Info.plist */,
			);
			path = RickyAndMorty;
			sourceTree = "<group>";
		};
		AA86F3302A667D6100E1126F /* Models */ = {
			isa = PBXGroup;
			children = (
				3B663DFE2A77EB1D00F199E3 /* APIResponseTypes */,
				3B663DFD2A77EB0A00F199E3 /* DataTypes */,
			);
			path = Models;
			sourceTree = "<group>";
		};
		AA86F3312A667D7300E1126F /* Views */ = {
			isa = PBXGroup;
			children = (
				AA092FAF2A8B610400D15A6D /* Character */,
				AA092FAE2A8B60E300D15A6D /* CharacterDetails */,
				AA092FAC2A80CD1400D15A6D /* RMFooterLoadingCollectionReusableView.swift */,
			);
			path = Views;
			sourceTree = "<group>";
		};
		AA86F3322A667D7A00E1126F /* ViewModels */ = {
			isa = PBXGroup;
			children = (
				AA092FB62A8B61A100D15A6D /* CharacterDetail */,
				3B663E012A77EF8500F199E3 /* RMCharacterListViewViewModel.swift */,
				3B1BD64E2A7A990700E1D8CD /* RMCharacterCollectionViewCellViewModel.swift */,
			);
			path = ViewModels;
			sourceTree = "<group>";
		};
		AA86F3332A667D8500E1126F /* APIClient */ = {
			isa = PBXGroup;
			children = (
				AA092F962A692AB400D15A6D /* RMService.swift */,
				AA092F982A692AC400D15A6D /* RMRequest.swift */,
				AA092F9A2A692B4500D15A6D /* RMEndpoint.swift */,
			);
			path = APIClient;
			sourceTree = "<group>";
		};
		AA86F3342A667D9C00E1126F /* Managers */ = {
			isa = PBXGroup;
			children = (
				AA72DCEA2B3141BD00595162 /* RMImageLoader.swift */,
			);
			path = Managers;
			sourceTree = "<group>";
		};
		AA86F3352A667DA400E1126F /* Resources */ = {
			isa = PBXGroup;
			children = (
				AA86F3252A66755B00E1126F /* Assets.xcassets */,
				AA86F3272A66755B00E1126F /* LaunchScreen.storyboard */,
				AA86F31C2A66755B00E1126F /* AppDelegate.swift */,
				AA86F31E2A66755B00E1126F /* SceneDelegate.swift */,
				3B663E052A77F47D00F199E3 /* Extensions.swift */,
			);
			path = Resources;
			sourceTree = "<group>";
		};
		AA86F3362A667DC000E1126F /* Controllers */ = {
			isa = PBXGroup;
			children = (
				AA092FA42A80C6D100D15A6D /* Other */,
				AA86F33D2A67BBA100E1126F /* Core */,
				AA86F3202A66755B00E1126F /* RMTabViewController.swift */,
			);
			path = Controllers;
			sourceTree = "<group>";
		};
		AA86F33D2A67BBA100E1126F /* Core */ = {
			isa = PBXGroup;
			children = (
				AA86F33E2A67BBC400E1126F /* RMCharacterViewController.swift */,
				AA86F3402A67BC1600E1126F /* RMLocationViewController.swift */,
				AA86F3422A67BC2600E1126F /* RMEpisodeViewController.swift */,
				AA86F3442A67BC4500E1126F /* RMSettingsViewController.swift */,
			);
			path = Core;
			sourceTree = "<group>";
		};
		AAE77FF02B6B4675004F9643 /* RickyAndMortyTests */ = {
			isa = PBXGroup;
			children = (
				AAE77FF12B6B4675004F9643 /* RickyAndMortyTests.swift */,
			);
			path = RickyAndMortyTests;
			sourceTree = "<group>";
		};
/* End PBXGroup section */

/* Begin PBXNativeTarget section */
		AA86F3182A66755B00E1126F /* RickyAndMorty */ = {
			isa = PBXNativeTarget;
			buildConfigurationList = AA86F32D2A66755B00E1126F /* Build configuration list for PBXNativeTarget "RickyAndMorty" */;
			buildPhases = (
				9BE01762E3776391103C2526 /* [CP] Check Pods Manifest.lock */,
				AA4FFA242B205BEA00DA6AD3 /* swiftlint */,
				AA4FFA252B20665E00DA6AD3 /* swiftformat */,
				AA86F3152A66755B00E1126F /* Sources */,
				AA86F3162A66755B00E1126F /* Frameworks */,
				AA86F3172A66755B00E1126F /* Resources */,
				FD51CCB9BA0847AFC4DF405B /* [CP] Embed Pods Frameworks */,
			);
			buildRules = (
			);
			dependencies = (
			);
			name = RickyAndMorty;
			productName = RickyAndMorty;
			productReference = AA86F3192A66755B00E1126F /* RickyAndMorty.app */;
			productType = "com.apple.product-type.application";
		};
		AAE77FEE2B6B4675004F9643 /* RickyAndMortyTests */ = {
			isa = PBXNativeTarget;
			buildConfigurationList = AAE77FF72B6B4675004F9643 /* Build configuration list for PBXNativeTarget "RickyAndMortyTests" */;
			buildPhases = (
				AAE77FEB2B6B4675004F9643 /* Sources */,
				AAE77FEC2B6B4675004F9643 /* Frameworks */,
				AAE77FED2B6B4675004F9643 /* Resources */,
			);
			buildRules = (
			);
			dependencies = (
				AAE77FF42B6B4675004F9643 /* PBXTargetDependency */,
			);
			name = RickyAndMortyTests;
			productName = RickyAndMortyTests;
			productReference = AAE77FEF2B6B4675004F9643 /* RickyAndMortyTests.xctest */;
			productType = "com.apple.product-type.bundle.unit-test";
		};
/* End PBXNativeTarget section */

/* Begin PBXProject section */
		AA86F3112A66755B00E1126F /* Project object */ = {
			isa = PBXProject;
			attributes = {
				BuildIndependentTargetsInParallel = 1;
				LastSwiftUpdateCheck = 1430;
				LastUpgradeCheck = 1500;
				TargetAttributes = {
					AA86F3182A66755B00E1126F = {
						CreatedOnToolsVersion = 14.2;
					};
					AAE77FEE2B6B4675004F9643 = {
						CreatedOnToolsVersion = 14.3.1;
						TestTargetID = AA86F3182A66755B00E1126F;
					};
				};
			};
			buildConfigurationList = AA86F3142A66755B00E1126F /* Build configuration list for PBXProject "RickyAndMorty" */;
			compatibilityVersion = "Xcode 14.0";
			developmentRegion = en;
			hasScannedForEncodings = 0;
			knownRegions = (
				en,
				Base,
			);
			mainGroup = AA86F3102A66755B00E1126F;
			productRefGroup = AA86F31A2A66755B00E1126F /* Products */;
			projectDirPath = "";
			projectRoot = "";
			targets = (
				AA86F3182A66755B00E1126F /* RickyAndMorty */,
				AAE77FEE2B6B4675004F9643 /* RickyAndMortyTests */,
			);
		};
/* End PBXProject section */

/* Begin PBXResourcesBuildPhase section */
		AA86F3172A66755B00E1126F /* Resources */ = {
			isa = PBXResourcesBuildPhase;
			buildActionMask = 2147483647;
			files = (
				AA86F3292A66755B00E1126F /* LaunchScreen.storyboard in Resources */,
				AA86F3262A66755B00E1126F /* Assets.xcassets in Resources */,
			);
			runOnlyForDeploymentPostprocessing = 0;
		};
		AAE77FED2B6B4675004F9643 /* Resources */ = {
			isa = PBXResourcesBuildPhase;
			buildActionMask = 2147483647;
			files = (
			);
			runOnlyForDeploymentPostprocessing = 0;
		};
/* End PBXResourcesBuildPhase section */

/* Begin PBXShellScriptBuildPhase section */
		9BE01762E3776391103C2526 /* [CP] Check Pods Manifest.lock */ = {
			isa = PBXShellScriptBuildPhase;
			buildActionMask = 2147483647;
			files = (
			);
			inputFileListPaths = (
			);
			inputPaths = (
				"${PODS_PODFILE_DIR_PATH}/Podfile.lock",
				"${PODS_ROOT}/Manifest.lock",
			);
			name = "[CP] Check Pods Manifest.lock";
			outputFileListPaths = (
			);
			outputPaths = (
				"$(DERIVED_FILE_DIR)/Pods-RickyAndMorty-checkManifestLockResult.txt",
			);
			runOnlyForDeploymentPostprocessing = 0;
			shellPath = /bin/sh;
			shellScript = "diff \"${PODS_PODFILE_DIR_PATH}/Podfile.lock\" \"${PODS_ROOT}/Manifest.lock\" > /dev/null\nif [ $? != 0 ] ; then\n    # print error to STDERR\n    echo \"error: The sandbox is not in sync with the Podfile.lock. Run 'pod install' or update your CocoaPods installation.\" >&2\n    exit 1\nfi\n# This output is used by Xcode 'outputs' to avoid re-running this script phase.\necho \"SUCCESS\" > \"${SCRIPT_OUTPUT_FILE_0}\"\n";
			showEnvVarsInLog = 0;
		};
		AA4FFA242B205BEA00DA6AD3 /* swiftlint */ = {
			isa = PBXShellScriptBuildPhase;
			alwaysOutOfDate = 1;
			buildActionMask = 2147483647;
			files = (
			);
			inputFileListPaths = (
			);
			inputPaths = (
			);
			name = swiftlint;
			outputFileListPaths = (
			);
			outputPaths = (
			);
			runOnlyForDeploymentPostprocessing = 0;
			shellPath = /bin/sh;
			shellScript = "\"${PODS_ROOT}/SwiftLint/swiftlint\"\n";
		};
		AA4FFA252B20665E00DA6AD3 /* swiftformat */ = {
			isa = PBXShellScriptBuildPhase;
			alwaysOutOfDate = 1;
			buildActionMask = 2147483647;
			files = (
			);
			inputFileListPaths = (
			);
			inputPaths = (
			);
			name = swiftformat;
			outputFileListPaths = (
			);
			outputPaths = (
			);
			runOnlyForDeploymentPostprocessing = 0;
			shellPath = /bin/sh;
			shellScript = "\"${PODS_ROOT}/SwiftFormat/CommandLineTool/swiftformat\" \"$SRCROOT\"\n";
		};
		FD51CCB9BA0847AFC4DF405B /* [CP] Embed Pods Frameworks */ = {
			isa = PBXShellScriptBuildPhase;
			buildActionMask = 2147483647;
			files = (
			);
			inputFileListPaths = (
				"${PODS_ROOT}/Target Support Files/Pods-RickyAndMorty/Pods-RickyAndMorty-frameworks-${CONFIGURATION}-input-files.xcfilelist",
			);
			name = "[CP] Embed Pods Frameworks";
			outputFileListPaths = (
				"${PODS_ROOT}/Target Support Files/Pods-RickyAndMorty/Pods-RickyAndMorty-frameworks-${CONFIGURATION}-output-files.xcfilelist",
			);
			runOnlyForDeploymentPostprocessing = 0;
			shellPath = /bin/sh;
			shellScript = "\"${PODS_ROOT}/Target Support Files/Pods-RickyAndMorty/Pods-RickyAndMorty-frameworks.sh\"\n";
			showEnvVarsInLog = 0;
		};
/* End PBXShellScriptBuildPhase section */

/* Begin PBXSourcesBuildPhase section */
		AA86F3152A66755B00E1126F /* Sources */ = {
			isa = PBXSourcesBuildPhase;
			buildActionMask = 2147483647;
			files = (
				AA092F9F2A6937AB00D15A6D /* RMSingletLocation.swift in Sources */,
				AA092FAB2A80C7C100D15A6D /* RMCharacterDetailViewViewModel.swift in Sources */,
				AA092F9D2A69373500D15A6D /* RMOrigin.swift in Sources */,
				3B663E042A77EFEC00F199E3 /* RMCharacterListView.swift in Sources */,
				3B663E002A77EB5500F199E3 /* RMGetAllCharactersResponse.swift in Sources */,
				AA092FA12A69391B00D15A6D /* RMCharacterStatus.swift in Sources */,
				AA092FA32A6939F200D15A6D /* RMCharacterGender.swift in Sources */,
				AA092FBC2A8B622600D15A6D /* RMCharacterEpisodeCollectionViewCellViewModel.swift in Sources */,
				AA092FA62A80C6F600D15A6D /* RMCharacterDetailViewController.swift in Sources */,
				AA092FAD2A80CD1400D15A6D /* RMFooterLoadingCollectionReusableView.swift in Sources */,
				AA092FB82A8B620100D15A6D /* RMCharacterInfoCollectionViewCellViewModel.swift in Sources */,
				AA86F3412A67BC1700E1126F /* RMLocationViewController.swift in Sources */,
				AA86F33C2A67BB6600E1126F /* RMEpisode.swift in Sources */,
				AA86F3212A66755B00E1126F /* RMTabViewController.swift in Sources */,
				3B1BD64D2A7A97F600E1D8CD /* RMCharacterCollectionViewCell.swift in Sources */,
				AA86F3432A67BC2600E1126F /* RMEpisodeViewController.swift in Sources */,
				AA86F31D2A66755B00E1126F /* AppDelegate.swift in Sources */,
				AA86F31F2A66755B00E1126F /* SceneDelegate.swift in Sources */,
				AA092FB12A8B614D00D15A6D /* RMCharacterPhotoCollectionViewCell.swift in Sources */,
				AA092FB32A8B616B00D15A6D /* RMCharacterInfoCollectionViewCell.swift in Sources */,
				AA86F3452A67BC4500E1126F /* RMSettingsViewController.swift in Sources */,
				3B663E062A77F47D00F199E3 /* Extensions.swift in Sources */,
				AA092FBA2A8B621300D15A6D /* RMCharacterPhotoCollectionViewCellViewModel.swift in Sources */,
				AA092F972A692AB400D15A6D /* RMService.swift in Sources */,
				AA86F3382A67BB4800E1126F /* RMLocation.swift in Sources */,
				AA092F9B2A692B4500D15A6D /* RMEndpoint.swift in Sources */,
				AA86F33A2A67BB5800E1126F /* RMCharacter.swift in Sources */,
				3B1BD64F2A7A990700E1D8CD /* RMCharacterCollectionViewCellViewModel.swift in Sources */,
				AA72DCEB2B3141BD00595162 /* RMImageLoader.swift in Sources */,
				AA092F992A692AC400D15A6D /* RMRequest.swift in Sources */,
				3B663E022A77EF8500F199E3 /* RMCharacterListViewViewModel.swift in Sources */,
				AA092FB52A8B617800D15A6D /* RMCharacterEpisodeCollectionViewCell.swift in Sources */,
				AA86F33F2A67BBC400E1126F /* RMCharacterViewController.swift in Sources */,
				AA092FA92A80C7A700D15A6D /* RMCharacterDetailView.swift in Sources */,
			);
			runOnlyForDeploymentPostprocessing = 0;
		};
		AAE77FEB2B6B4675004F9643 /* Sources */ = {
			isa = PBXSourcesBuildPhase;
			buildActionMask = 2147483647;
			files = (
				AAE77FF22B6B4675004F9643 /* RickyAndMortyTests.swift in Sources */,
			);
			runOnlyForDeploymentPostprocessing = 0;
		};
/* End PBXSourcesBuildPhase section */

/* Begin PBXTargetDependency section */
		AAE77FF42B6B4675004F9643 /* PBXTargetDependency */ = {
			isa = PBXTargetDependency;
			target = AA86F3182A66755B00E1126F /* RickyAndMorty */;
			targetProxy = AAE77FF32B6B4675004F9643 /* PBXContainerItemProxy */;
		};
/* End PBXTargetDependency section */

/* Begin PBXVariantGroup section */
		AA86F3272A66755B00E1126F /* LaunchScreen.storyboard */ = {
			isa = PBXVariantGroup;
			children = (
				AA86F3282A66755B00E1126F /* Base */,
			);
			name = LaunchScreen.storyboard;
			sourceTree = "<group>";
		};
/* End PBXVariantGroup section */

/* Begin XCBuildConfiguration section */
		AA86F32B2A66755B00E1126F /* Debug */ = {
			isa = XCBuildConfiguration;
			buildSettings = {
				ALWAYS_SEARCH_USER_PATHS = NO;
				CLANG_ANALYZER_NONNULL = YES;
				CLANG_ANALYZER_NUMBER_OBJECT_CONVERSION = YES_AGGRESSIVE;
				CLANG_CXX_LANGUAGE_STANDARD = "gnu++20";
				CLANG_ENABLE_MODULES = YES;
				CLANG_ENABLE_OBJC_ARC = YES;
				CLANG_ENABLE_OBJC_WEAK = YES;
				CLANG_WARN_BLOCK_CAPTURE_AUTORELEASING = YES;
				CLANG_WARN_BOOL_CONVERSION = YES;
				CLANG_WARN_COMMA = YES;
				CLANG_WARN_CONSTANT_CONVERSION = YES;
				CLANG_WARN_DEPRECATED_OBJC_IMPLEMENTATIONS = YES;
				CLANG_WARN_DIRECT_OBJC_ISA_USAGE = YES_ERROR;
				CLANG_WARN_DOCUMENTATION_COMMENTS = YES;
				CLANG_WARN_EMPTY_BODY = YES;
				CLANG_WARN_ENUM_CONVERSION = YES;
				CLANG_WARN_INFINITE_RECURSION = YES;
				CLANG_WARN_INT_CONVERSION = YES;
				CLANG_WARN_NON_LITERAL_NULL_CONVERSION = YES;
				CLANG_WARN_OBJC_IMPLICIT_RETAIN_SELF = YES;
				CLANG_WARN_OBJC_LITERAL_CONVERSION = YES;
				CLANG_WARN_OBJC_ROOT_CLASS = YES_ERROR;
				CLANG_WARN_QUOTED_INCLUDE_IN_FRAMEWORK_HEADER = YES;
				CLANG_WARN_RANGE_LOOP_ANALYSIS = YES;
				CLANG_WARN_STRICT_PROTOTYPES = YES;
				CLANG_WARN_SUSPICIOUS_MOVE = YES;
				CLANG_WARN_UNGUARDED_AVAILABILITY = YES_AGGRESSIVE;
				CLANG_WARN_UNREACHABLE_CODE = YES;
				CLANG_WARN__DUPLICATE_METHOD_MATCH = YES;
				COPY_PHASE_STRIP = NO;
				DEBUG_INFORMATION_FORMAT = dwarf;
				ENABLE_STRICT_OBJC_MSGSEND = YES;
				ENABLE_TESTABILITY = YES;
				ENABLE_USER_SCRIPT_SANDBOXING = YES;
				EXCLUDED_ARCHS = arm64;
				GCC_C_LANGUAGE_STANDARD = gnu11;
				GCC_DYNAMIC_NO_PIC = NO;
				GCC_NO_COMMON_BLOCKS = YES;
				GCC_OPTIMIZATION_LEVEL = 0;
				GCC_PREPROCESSOR_DEFINITIONS = (
					"DEBUG=1",
					"$(inherited)",
				);
				GCC_WARN_64_TO_32_BIT_CONVERSION = YES;
				GCC_WARN_ABOUT_RETURN_TYPE = YES_ERROR;
				GCC_WARN_UNDECLARED_SELECTOR = YES;
				GCC_WARN_UNINITIALIZED_AUTOS = YES_AGGRESSIVE;
				GCC_WARN_UNUSED_FUNCTION = YES;
				GCC_WARN_UNUSED_VARIABLE = YES;
				IPHONEOS_DEPLOYMENT_TARGET = 16.2;
				MTL_ENABLE_DEBUG_INFO = INCLUDE_SOURCE;
				MTL_FAST_MATH = YES;
				ONLY_ACTIVE_ARCH = YES;
				SDKROOT = iphoneos;
				SWIFT_ACTIVE_COMPILATION_CONDITIONS = DEBUG;
				SWIFT_OPTIMIZATION_LEVEL = "-Onone";
			};
			name = Debug;
		};
		AA86F32C2A66755B00E1126F /* Release */ = {
			isa = XCBuildConfiguration;
			buildSettings = {
				ALWAYS_SEARCH_USER_PATHS = NO;
				CLANG_ANALYZER_NONNULL = YES;
				CLANG_ANALYZER_NUMBER_OBJECT_CONVERSION = YES_AGGRESSIVE;
				CLANG_CXX_LANGUAGE_STANDARD = "gnu++20";
				CLANG_ENABLE_MODULES = YES;
				CLANG_ENABLE_OBJC_ARC = YES;
				CLANG_ENABLE_OBJC_WEAK = YES;
				CLANG_WARN_BLOCK_CAPTURE_AUTORELEASING = YES;
				CLANG_WARN_BOOL_CONVERSION = YES;
				CLANG_WARN_COMMA = YES;
				CLANG_WARN_CONSTANT_CONVERSION = YES;
				CLANG_WARN_DEPRECATED_OBJC_IMPLEMENTATIONS = YES;
				CLANG_WARN_DIRECT_OBJC_ISA_USAGE = YES_ERROR;
				CLANG_WARN_DOCUMENTATION_COMMENTS = YES;
				CLANG_WARN_EMPTY_BODY = YES;
				CLANG_WARN_ENUM_CONVERSION = YES;
				CLANG_WARN_INFINITE_RECURSION = YES;
				CLANG_WARN_INT_CONVERSION = YES;
				CLANG_WARN_NON_LITERAL_NULL_CONVERSION = YES;
				CLANG_WARN_OBJC_IMPLICIT_RETAIN_SELF = YES;
				CLANG_WARN_OBJC_LITERAL_CONVERSION = YES;
				CLANG_WARN_OBJC_ROOT_CLASS = YES_ERROR;
				CLANG_WARN_QUOTED_INCLUDE_IN_FRAMEWORK_HEADER = YES;
				CLANG_WARN_RANGE_LOOP_ANALYSIS = YES;
				CLANG_WARN_STRICT_PROTOTYPES = YES;
				CLANG_WARN_SUSPICIOUS_MOVE = YES;
				CLANG_WARN_UNGUARDED_AVAILABILITY = YES_AGGRESSIVE;
				CLANG_WARN_UNREACHABLE_CODE = YES;
				CLANG_WARN__DUPLICATE_METHOD_MATCH = YES;
				COPY_PHASE_STRIP = NO;
				DEBUG_INFORMATION_FORMAT = "dwarf-with-dsym";
				ENABLE_NS_ASSERTIONS = NO;
				ENABLE_STRICT_OBJC_MSGSEND = YES;
				ENABLE_USER_SCRIPT_SANDBOXING = YES;
				EXCLUDED_ARCHS = arm64;
				GCC_C_LANGUAGE_STANDARD = gnu11;
				GCC_NO_COMMON_BLOCKS = YES;
				GCC_WARN_64_TO_32_BIT_CONVERSION = YES;
				GCC_WARN_ABOUT_RETURN_TYPE = YES_ERROR;
				GCC_WARN_UNDECLARED_SELECTOR = YES;
				GCC_WARN_UNINITIALIZED_AUTOS = YES_AGGRESSIVE;
				GCC_WARN_UNUSED_FUNCTION = YES;
				GCC_WARN_UNUSED_VARIABLE = YES;
				IPHONEOS_DEPLOYMENT_TARGET = 16.2;
				MTL_ENABLE_DEBUG_INFO = NO;
				MTL_FAST_MATH = YES;
				SDKROOT = iphoneos;
				SWIFT_COMPILATION_MODE = wholemodule;
				SWIFT_OPTIMIZATION_LEVEL = "-O";
				VALIDATE_PRODUCT = YES;
			};
			name = Release;
		};
		AA86F32E2A66755B00E1126F /* Debug */ = {
			isa = XCBuildConfiguration;
			baseConfigurationReference = 39612E26191F09E32CEA2A2B /* Pods-RickyAndMorty.debug.xcconfig */;
			buildSettings = {
				ASSETCATALOG_COMPILER_APPICON_NAME = AppIcon;
				ASSETCATALOG_COMPILER_GLOBAL_ACCENT_COLOR_NAME = AccentColor;
				CODE_SIGN_STYLE = Automatic;
				CURRENT_PROJECT_VERSION = 1;
				DEVELOPMENT_TEAM = 6D2YCABAB7;
				ENABLE_USER_SCRIPT_SANDBOXING = NO;
				EXCLUDED_ARCHS = arm64;
				GENERATE_INFOPLIST_FILE = YES;
				INFOPLIST_FILE = RickyAndMorty/Info.plist;
				INFOPLIST_KEY_UIApplicationSupportsIndirectInputEvents = YES;
				INFOPLIST_KEY_UILaunchStoryboardName = LaunchScreen;
				INFOPLIST_KEY_UISupportedInterfaceOrientations_iPad = "UIInterfaceOrientationPortrait UIInterfaceOrientationPortraitUpsideDown UIInterfaceOrientationLandscapeLeft UIInterfaceOrientationLandscapeRight";
				INFOPLIST_KEY_UISupportedInterfaceOrientations_iPhone = "UIInterfaceOrientationPortrait UIInterfaceOrientationLandscapeLeft UIInterfaceOrientationLandscapeRight";
				LD_RUNPATH_SEARCH_PATHS = (
					"$(inherited)",
					"@executable_path/Frameworks",
				);
				MARKETING_VERSION = 1.0;
				PRODUCT_BUNDLE_IDENTIFIER = co.RickyAndMorty;
				PRODUCT_NAME = "$(TARGET_NAME)";
				SWIFT_EMIT_LOC_STRINGS = YES;
				SWIFT_VERSION = 5.0;
				TARGETED_DEVICE_FAMILY = "1,2";
			};
			name = Debug;
		};
		AA86F32F2A66755B00E1126F /* Release */ = {
			isa = XCBuildConfiguration;
			baseConfigurationReference = 030962786B1B5E794A8D2F84 /* Pods-RickyAndMorty.release.xcconfig */;
			buildSettings = {
				ASSETCATALOG_COMPILER_APPICON_NAME = AppIcon;
				ASSETCATALOG_COMPILER_GLOBAL_ACCENT_COLOR_NAME = AccentColor;
				CODE_SIGN_STYLE = Automatic;
				CURRENT_PROJECT_VERSION = 1;
				DEVELOPMENT_TEAM = 6D2YCABAB7;
				ENABLE_USER_SCRIPT_SANDBOXING = NO;
				EXCLUDED_ARCHS = arm64;
				GENERATE_INFOPLIST_FILE = YES;
				INFOPLIST_FILE = RickyAndMorty/Info.plist;
				INFOPLIST_KEY_UIApplicationSupportsIndirectInputEvents = YES;
				INFOPLIST_KEY_UILaunchStoryboardName = LaunchScreen;
				INFOPLIST_KEY_UISupportedInterfaceOrientations_iPad = "UIInterfaceOrientationPortrait UIInterfaceOrientationPortraitUpsideDown UIInterfaceOrientationLandscapeLeft UIInterfaceOrientationLandscapeRight";
				INFOPLIST_KEY_UISupportedInterfaceOrientations_iPhone = "UIInterfaceOrientationPortrait UIInterfaceOrientationLandscapeLeft UIInterfaceOrientationLandscapeRight";
				LD_RUNPATH_SEARCH_PATHS = (
					"$(inherited)",
					"@executable_path/Frameworks",
				);
				MARKETING_VERSION = 1.0;
				PRODUCT_BUNDLE_IDENTIFIER = co.RickyAndMorty;
				PRODUCT_NAME = "$(TARGET_NAME)";
				SWIFT_EMIT_LOC_STRINGS = YES;
				SWIFT_VERSION = 5.0;
				TARGETED_DEVICE_FAMILY = "1,2";
			};
			name = Release;
		};
		AAE77FF52B6B4675004F9643 /* Debug */ = {
			isa = XCBuildConfiguration;
			buildSettings = {
				BUNDLE_LOADER = "$(TEST_HOST)";
				CODE_SIGN_STYLE = Automatic;
				CURRENT_PROJECT_VERSION = 1;
				DEVELOPMENT_TEAM = 6D2YCABAB7;
				GENERATE_INFOPLIST_FILE = YES;
				IPHONEOS_DEPLOYMENT_TARGET = 16.4;
				MARKETING_VERSION = 1.0;
				PRODUCT_BUNDLE_IDENTIFIER = demoapp.com.tw.RickyAndMortyTests;
				PRODUCT_NAME = "$(TARGET_NAME)";
				SWIFT_EMIT_LOC_STRINGS = NO;
				SWIFT_VERSION = 5.0;
				TARGETED_DEVICE_FAMILY = "1,2";
				TEST_HOST = "$(BUILT_PRODUCTS_DIR)/RickyAndMorty.app/$(BUNDLE_EXECUTABLE_FOLDER_PATH)/RickyAndMorty";
			};
			name = Debug;
		};
		AAE77FF62B6B4675004F9643 /* Release */ = {
			isa = XCBuildConfiguration;
			buildSettings = {
				BUNDLE_LOADER = "$(TEST_HOST)";
				CODE_SIGN_STYLE = Automatic;
				CURRENT_PROJECT_VERSION = 1;
				DEVELOPMENT_TEAM = 6D2YCABAB7;
				GENERATE_INFOPLIST_FILE = YES;
				IPHONEOS_DEPLOYMENT_TARGET = 16.4;
				MARKETING_VERSION = 1.0;
				PRODUCT_BUNDLE_IDENTIFIER = demoapp.com.tw.RickyAndMortyTests;
				PRODUCT_NAME = "$(TARGET_NAME)";
				SWIFT_EMIT_LOC_STRINGS = NO;
				SWIFT_VERSION = 5.0;
				TARGETED_DEVICE_FAMILY = "1,2";
				TEST_HOST = "$(BUILT_PRODUCTS_DIR)/RickyAndMorty.app/$(BUNDLE_EXECUTABLE_FOLDER_PATH)/RickyAndMorty";
			};
			name = Release;
		};
/* End XCBuildConfiguration section */

/* Begin XCConfigurationList section */
		AA86F3142A66755B00E1126F /* Build configuration list for PBXProject "RickyAndMorty" */ = {
			isa = XCConfigurationList;
			buildConfigurations = (
				AA86F32B2A66755B00E1126F /* Debug */,
				AA86F32C2A66755B00E1126F /* Release */,
			);
			defaultConfigurationIsVisible = 0;
			defaultConfigurationName = Release;
		};
		AA86F32D2A66755B00E1126F /* Build configuration list for PBXNativeTarget "RickyAndMorty" */ = {
			isa = XCConfigurationList;
			buildConfigurations = (
				AA86F32E2A66755B00E1126F /* Debug */,
				AA86F32F2A66755B00E1126F /* Release */,
			);
			defaultConfigurationIsVisible = 0;
			defaultConfigurationName = Release;
		};
		AAE77FF72B6B4675004F9643 /* Build configuration list for PBXNativeTarget "RickyAndMortyTests" */ = {
			isa = XCConfigurationList;
			buildConfigurations = (
				AAE77FF52B6B4675004F9643 /* Debug */,
				AAE77FF62B6B4675004F9643 /* Release */,
			);
			defaultConfigurationIsVisible = 0;
			defaultConfigurationName = Release;
		};
/* End XCConfigurationList section */
	};
	rootObject = AA86F3112A66755B00E1126F /* Project object */;
}
